// !$*UTF8*$!
{
	archiveVersion = 1;
	classes = {
	};
	objectVersion = 46;
	objects = {

/* Begin PBXBuildFile section */
		2F02F0DB48A55EAD7C471FC9 /* Pods_GeoApp_iOS.framework in Frameworks */ = {isa = PBXBuildFile; fileRef = 89F4BF3530D1F5C6AAEB41E6 /* Pods_GeoApp_iOS.framework */; };
		6A41C0171E4917A800A551B6 /* MapViewController.swift in Sources */ = {isa = PBXBuildFile; fileRef = 6A41C0161E4917A800A551B6 /* MapViewController.swift */; };
		6A41C0191E49187500A551B6 /* MapController.swift in Sources */ = {isa = PBXBuildFile; fileRef = 6A41C0181E49187500A551B6 /* MapController.swift */; };
		6A41C01C1E491CE900A551B6 /* RestAPI.swift in Sources */ = {isa = PBXBuildFile; fileRef = 6A41C01B1E491CE900A551B6 /* RestAPI.swift */; };
		6A41C01E1E49275100A551B6 /* Serializer.swift in Sources */ = {isa = PBXBuildFile; fileRef = 6A41C01D1E49275100A551B6 /* Serializer.swift */; };
		6A6204CF1E4A464800E758D2 /* Map.swift in Sources */ = {isa = PBXBuildFile; fileRef = 6A6204CE1E4A464800E758D2 /* Map.swift */; };
		6AB3629D1E4CBB380004C376 /* Points.swift in Sources */ = {isa = PBXBuildFile; fileRef = 6AB3629C1E4CBB380004C376 /* Points.swift */; };
		6AB3629F1E4CC3BD0004C376 /* ApiKeys.plist in Resources */ = {isa = PBXBuildFile; fileRef = 6AB3629E1E4CC3BD0004C376 /* ApiKeys.plist */; };
		6AD5D5071E48FE0B0095B585 /* AppDelegate.swift in Sources */ = {isa = PBXBuildFile; fileRef = 6AD5D5061E48FE0B0095B585 /* AppDelegate.swift */; };
		6AD5D50C1E48FE0B0095B585 /* Main.storyboard in Resources */ = {isa = PBXBuildFile; fileRef = 6AD5D50A1E48FE0B0095B585 /* Main.storyboard */; };
		6AD5D50F1E48FE0B0095B585 /* GeoApp_iOS.xcdatamodeld in Sources */ = {isa = PBXBuildFile; fileRef = 6AD5D50D1E48FE0B0095B585 /* GeoApp_iOS.xcdatamodeld */; };
		6AD5D5111E48FE0B0095B585 /* Assets.xcassets in Resources */ = {isa = PBXBuildFile; fileRef = 6AD5D5101E48FE0B0095B585 /* Assets.xcassets */; };
		6AD5D5141E48FE0B0095B585 /* LaunchScreen.storyboard in Resources */ = {isa = PBXBuildFile; fileRef = 6AD5D5121E48FE0B0095B585 /* LaunchScreen.storyboard */; };
		6AD5D51F1E48FE0B0095B585 /* GeoApp_iOSTests.swift in Sources */ = {isa = PBXBuildFile; fileRef = 6AD5D51E1E48FE0B0095B585 /* GeoApp_iOSTests.swift */; };
		6AD5D52A1E48FE0B0095B585 /* GeoApp_iOSUITests.swift in Sources */ = {isa = PBXBuildFile; fileRef = 6AD5D5291E48FE0B0095B585 /* GeoApp_iOSUITests.swift */; };
		6E436E96253EB5F9C32AB88F /* Pods_GeoApp_iOSUITests.framework in Frameworks */ = {isa = PBXBuildFile; fileRef = B8BF4BD1EFB5C35B0D5E9081 /* Pods_GeoApp_iOSUITests.framework */; };
		AEF47C187C320CD249970E90 /* Pods_GeoApp_iOSTests.framework in Frameworks */ = {isa = PBXBuildFile; fileRef = 2458FBC7EBD1B0948278E73D /* Pods_GeoApp_iOSTests.framework */; };
/* End PBXBuildFile section */

/* Begin PBXContainerItemProxy section */
		6AD5D51B1E48FE0B0095B585 /* PBXContainerItemProxy */ = {
			isa = PBXContainerItemProxy;
			containerPortal = 6AD5D4FB1E48FE0B0095B585 /* Project object */;
			proxyType = 1;
			remoteGlobalIDString = 6AD5D5021E48FE0B0095B585;
			remoteInfo = "GeoApp-iOS";
		};
		6AD5D5261E48FE0B0095B585 /* PBXContainerItemProxy */ = {
			isa = PBXContainerItemProxy;
			containerPortal = 6AD5D4FB1E48FE0B0095B585 /* Project object */;
			proxyType = 1;
			remoteGlobalIDString = 6AD5D5021E48FE0B0095B585;
			remoteInfo = "GeoApp-iOS";
		};
/* End PBXContainerItemProxy section */

/* Begin PBXFileReference section */
		011CE84BE09C4EABAE1BB39A /* Pods-GeoApp-iOS.debug.xcconfig */ = {isa = PBXFileReference; includeInIndex = 1; lastKnownFileType = text.xcconfig; name = "Pods-GeoApp-iOS.debug.xcconfig"; path = "Pods/Target Support Files/Pods-GeoApp-iOS/Pods-GeoApp-iOS.debug.xcconfig"; sourceTree = "<group>"; };
		2458FBC7EBD1B0948278E73D /* Pods_GeoApp_iOSTests.framework */ = {isa = PBXFileReference; explicitFileType = wrapper.framework; includeInIndex = 0; path = Pods_GeoApp_iOSTests.framework; sourceTree = BUILT_PRODUCTS_DIR; };
		4CEE8DAB2BD43039DE4DCCBA /* Pods-GeoApp-iOSTests.release.xcconfig */ = {isa = PBXFileReference; includeInIndex = 1; lastKnownFileType = text.xcconfig; name = "Pods-GeoApp-iOSTests.release.xcconfig"; path = "Pods/Target Support Files/Pods-GeoApp-iOSTests/Pods-GeoApp-iOSTests.release.xcconfig"; sourceTree = "<group>"; };
		6A41C0161E4917A800A551B6 /* MapViewController.swift */ = {isa = PBXFileReference; fileEncoding = 4; lastKnownFileType = sourcecode.swift; name = MapViewController.swift; path = ViewControllers/MapViewController.swift; sourceTree = "<group>"; };
		6A41C0181E49187500A551B6 /* MapController.swift */ = {isa = PBXFileReference; fileEncoding = 4; lastKnownFileType = sourcecode.swift; name = MapController.swift; path = Controllers/MapController.swift; sourceTree = "<group>"; };
		6A41C01B1E491CE900A551B6 /* RestAPI.swift */ = {isa = PBXFileReference; fileEncoding = 4; lastKnownFileType = sourcecode.swift; name = RestAPI.swift; path = Model/RestAPI/RestAPI.swift; sourceTree = "<group>"; };
		6A41C01D1E49275100A551B6 /* Serializer.swift */ = {isa = PBXFileReference; fileEncoding = 4; lastKnownFileType = sourcecode.swift; name = Serializer.swift; path = Model/RestAPI/Serializer.swift; sourceTree = "<group>"; };
		6A6204CE1E4A464800E758D2 /* Map.swift */ = {isa = PBXFileReference; fileEncoding = 4; lastKnownFileType = sourcecode.swift; name = Map.swift; path = Model/Map.swift; sourceTree = "<group>"; };
		6AB3629C1E4CBB380004C376 /* Points.swift */ = {isa = PBXFileReference; fileEncoding = 4; lastKnownFileType = sourcecode.swift; name = Points.swift; path = Model/Points.swift; sourceTree = "<group>"; };
		6AB3629E1E4CC3BD0004C376 /* ApiKeys.plist */ = {isa = PBXFileReference; fileEncoding = 4; lastKnownFileType = text.plist.xml; name = ApiKeys.plist; path = "Model/Supporting files/ApiKeys.plist"; sourceTree = "<group>"; };
		6AD5D5031E48FE0B0095B585 /* GeoApp-iOS.app */ = {isa = PBXFileReference; explicitFileType = wrapper.application; includeInIndex = 0; path = "GeoApp-iOS.app"; sourceTree = BUILT_PRODUCTS_DIR; };
		6AD5D5061E48FE0B0095B585 /* AppDelegate.swift */ = {isa = PBXFileReference; lastKnownFileType = sourcecode.swift; path = AppDelegate.swift; sourceTree = "<group>"; };
		6AD5D50B1E48FE0B0095B585 /* Base */ = {isa = PBXFileReference; lastKnownFileType = file.storyboard; name = Base; path = Base.lproj/Main.storyboard; sourceTree = "<group>"; };
		6AD5D50E1E48FE0B0095B585 /* GeoApp_iOS.xcdatamodel */ = {isa = PBXFileReference; lastKnownFileType = wrapper.xcdatamodel; path = GeoApp_iOS.xcdatamodel; sourceTree = "<group>"; };
		6AD5D5101E48FE0B0095B585 /* Assets.xcassets */ = {isa = PBXFileReference; lastKnownFileType = folder.assetcatalog; path = Assets.xcassets; sourceTree = "<group>"; };
		6AD5D5131E48FE0B0095B585 /* Base */ = {isa = PBXFileReference; lastKnownFileType = file.storyboard; name = Base; path = Base.lproj/LaunchScreen.storyboard; sourceTree = "<group>"; };
		6AD5D5151E48FE0B0095B585 /* Info.plist */ = {isa = PBXFileReference; lastKnownFileType = text.plist.xml; path = Info.plist; sourceTree = "<group>"; };
		6AD5D51A1E48FE0B0095B585 /* GeoApp-iOSTests.xctest */ = {isa = PBXFileReference; explicitFileType = wrapper.cfbundle; includeInIndex = 0; path = "GeoApp-iOSTests.xctest"; sourceTree = BUILT_PRODUCTS_DIR; };
		6AD5D51E1E48FE0B0095B585 /* GeoApp_iOSTests.swift */ = {isa = PBXFileReference; lastKnownFileType = sourcecode.swift; path = GeoApp_iOSTests.swift; sourceTree = "<group>"; };
		6AD5D5201E48FE0B0095B585 /* Info.plist */ = {isa = PBXFileReference; lastKnownFileType = text.plist.xml; path = Info.plist; sourceTree = "<group>"; };
		6AD5D5251E48FE0B0095B585 /* GeoApp-iOSUITests.xctest */ = {isa = PBXFileReference; explicitFileType = wrapper.cfbundle; includeInIndex = 0; path = "GeoApp-iOSUITests.xctest"; sourceTree = BUILT_PRODUCTS_DIR; };
		6AD5D5291E48FE0B0095B585 /* GeoApp_iOSUITests.swift */ = {isa = PBXFileReference; lastKnownFileType = sourcecode.swift; path = GeoApp_iOSUITests.swift; sourceTree = "<group>"; };
		6AD5D52B1E48FE0B0095B585 /* Info.plist */ = {isa = PBXFileReference; lastKnownFileType = text.plist.xml; path = Info.plist; sourceTree = "<group>"; };
		6CB7DF50F161FBEE900A72FA /* Pods-GeoApp-iOSUITests.release.xcconfig */ = {isa = PBXFileReference; includeInIndex = 1; lastKnownFileType = text.xcconfig; name = "Pods-GeoApp-iOSUITests.release.xcconfig"; path = "Pods/Target Support Files/Pods-GeoApp-iOSUITests/Pods-GeoApp-iOSUITests.release.xcconfig"; sourceTree = "<group>"; };
		7F4217AFFE69E188D6C5FB1B /* Pods-GeoApp-iOS.release.xcconfig */ = {isa = PBXFileReference; includeInIndex = 1; lastKnownFileType = text.xcconfig; name = "Pods-GeoApp-iOS.release.xcconfig"; path = "Pods/Target Support Files/Pods-GeoApp-iOS/Pods-GeoApp-iOS.release.xcconfig"; sourceTree = "<group>"; };
		89F4BF3530D1F5C6AAEB41E6 /* Pods_GeoApp_iOS.framework */ = {isa = PBXFileReference; explicitFileType = wrapper.framework; includeInIndex = 0; path = Pods_GeoApp_iOS.framework; sourceTree = BUILT_PRODUCTS_DIR; };
		AB10DF0474D75A0B4011C057 /* Pods-GeoApp-iOSTests.debug.xcconfig */ = {isa = PBXFileReference; includeInIndex = 1; lastKnownFileType = text.xcconfig; name = "Pods-GeoApp-iOSTests.debug.xcconfig"; path = "Pods/Target Support Files/Pods-GeoApp-iOSTests/Pods-GeoApp-iOSTests.debug.xcconfig"; sourceTree = "<group>"; };
		B8BF4BD1EFB5C35B0D5E9081 /* Pods_GeoApp_iOSUITests.framework */ = {isa = PBXFileReference; explicitFileType = wrapper.framework; includeInIndex = 0; path = Pods_GeoApp_iOSUITests.framework; sourceTree = BUILT_PRODUCTS_DIR; };
		D66E02E630A340DDEA5B3F1A /* Pods-GeoApp-iOSUITests.debug.xcconfig */ = {isa = PBXFileReference; includeInIndex = 1; lastKnownFileType = text.xcconfig; name = "Pods-GeoApp-iOSUITests.debug.xcconfig"; path = "Pods/Target Support Files/Pods-GeoApp-iOSUITests/Pods-GeoApp-iOSUITests.debug.xcconfig"; sourceTree = "<group>"; };
/* End PBXFileReference section */

/* Begin PBXFrameworksBuildPhase section */
		6AD5D5001E48FE0B0095B585 /* Frameworks */ = {
			isa = PBXFrameworksBuildPhase;
			buildActionMask = 2147483647;
			files = (
				2F02F0DB48A55EAD7C471FC9 /* Pods_GeoApp_iOS.framework in Frameworks */,
			);
			runOnlyForDeploymentPostprocessing = 0;
		};
		6AD5D5171E48FE0B0095B585 /* Frameworks */ = {
			isa = PBXFrameworksBuildPhase;
			buildActionMask = 2147483647;
			files = (
				AEF47C187C320CD249970E90 /* Pods_GeoApp_iOSTests.framework in Frameworks */,
			);
			runOnlyForDeploymentPostprocessing = 0;
		};
		6AD5D5221E48FE0B0095B585 /* Frameworks */ = {
			isa = PBXFrameworksBuildPhase;
			buildActionMask = 2147483647;
			files = (
				6E436E96253EB5F9C32AB88F /* Pods_GeoApp_iOSUITests.framework in Frameworks */,
			);
			runOnlyForDeploymentPostprocessing = 0;
		};
/* End PBXFrameworksBuildPhase section */

/* Begin PBXGroup section */
		6A41C0111E49170700A551B6 /* ViewController */ = {
			isa = PBXGroup;
			children = (
				6A41C0161E4917A800A551B6 /* MapViewController.swift */,
			);
			name = ViewController;
			sourceTree = "<group>";
		};
		6A41C0121E49171500A551B6 /* Views */ = {
			isa = PBXGroup;
			children = (
				6AD5D50A1E48FE0B0095B585 /* Main.storyboard */,
				6AD5D5121E48FE0B0095B585 /* LaunchScreen.storyboard */,
			);
			name = Views;
			sourceTree = "<group>";
		};
		6A41C0131E49171B00A551B6 /* Model */ = {
			isa = PBXGroup;
			children = (
				6A6204CE1E4A464800E758D2 /* Map.swift */,
				6AB3629C1E4CBB380004C376 /* Points.swift */,
				6A41C01A1E491CC000A551B6 /* RestAPI */,
				6A41C0151E49174E00A551B6 /* Supporting files */,
			);
			name = Model;
			sourceTree = "<group>";
		};
		6A41C0141E49172200A551B6 /* Controllers */ = {
			isa = PBXGroup;
			children = (
				6A41C0181E49187500A551B6 /* MapController.swift */,
			);
			name = Controllers;
			sourceTree = "<group>";
		};
		6A41C0151E49174E00A551B6 /* Supporting files */ = {
			isa = PBXGroup;
			children = (
				6AD5D5101E48FE0B0095B585 /* Assets.xcassets */,
				6AD5D5151E48FE0B0095B585 /* Info.plist */,
				6AB3629E1E4CC3BD0004C376 /* ApiKeys.plist */,
				6AD5D50D1E48FE0B0095B585 /* GeoApp_iOS.xcdatamodeld */,
			);
			name = "Supporting files";
			sourceTree = "<group>";
		};
		6A41C01A1E491CC000A551B6 /* RestAPI */ = {
			isa = PBXGroup;
			children = (
				6A41C01B1E491CE900A551B6 /* RestAPI.swift */,
				6A41C01D1E49275100A551B6 /* Serializer.swift */,
			);
			name = RestAPI;
			sourceTree = "<group>";
		};
		6AD5D4FA1E48FE0B0095B585 = {
			isa = PBXGroup;
			children = (
				6AD5D5051E48FE0B0095B585 /* GeoApp-iOS */,
				6AD5D51D1E48FE0B0095B585 /* GeoApp-iOSTests */,
				6AD5D5281E48FE0B0095B585 /* GeoApp-iOSUITests */,
				6AD5D5041E48FE0B0095B585 /* Products */,
				AB282BDBDB913F67440B6728 /* Pods */,
				A3E0D7DD1B316B56728700F5 /* Frameworks */,
			);
			sourceTree = "<group>";
		};
		6AD5D5041E48FE0B0095B585 /* Products */ = {
			isa = PBXGroup;
			children = (
				6AD5D5031E48FE0B0095B585 /* GeoApp-iOS.app */,
				6AD5D51A1E48FE0B0095B585 /* GeoApp-iOSTests.xctest */,
				6AD5D5251E48FE0B0095B585 /* GeoApp-iOSUITests.xctest */,
			);
			name = Products;
			sourceTree = "<group>";
		};
		6AD5D5051E48FE0B0095B585 /* GeoApp-iOS */ = {
			isa = PBXGroup;
			children = (
				6AD5D5061E48FE0B0095B585 /* AppDelegate.swift */,
				6A41C0141E49172200A551B6 /* Controllers */,
				6A41C0111E49170700A551B6 /* ViewController */,
				6A41C0131E49171B00A551B6 /* Model */,
				6A41C0121E49171500A551B6 /* Views */,
			);
			path = "GeoApp-iOS";
			sourceTree = "<group>";
		};
		6AD5D51D1E48FE0B0095B585 /* GeoApp-iOSTests */ = {
			isa = PBXGroup;
			children = (
				6AD5D51E1E48FE0B0095B585 /* GeoApp_iOSTests.swift */,
				6AD5D5201E48FE0B0095B585 /* Info.plist */,
			);
			path = "GeoApp-iOSTests";
			sourceTree = "<group>";
		};
		6AD5D5281E48FE0B0095B585 /* GeoApp-iOSUITests */ = {
			isa = PBXGroup;
			children = (
				6AD5D5291E48FE0B0095B585 /* GeoApp_iOSUITests.swift */,
				6AD5D52B1E48FE0B0095B585 /* Info.plist */,
			);
			path = "GeoApp-iOSUITests";
			sourceTree = "<group>";
		};
		A3E0D7DD1B316B56728700F5 /* Frameworks */ = {
			isa = PBXGroup;
			children = (
				89F4BF3530D1F5C6AAEB41E6 /* Pods_GeoApp_iOS.framework */,
				2458FBC7EBD1B0948278E73D /* Pods_GeoApp_iOSTests.framework */,
				B8BF4BD1EFB5C35B0D5E9081 /* Pods_GeoApp_iOSUITests.framework */,
			);
			name = Frameworks;
			sourceTree = "<group>";
		};
		AB282BDBDB913F67440B6728 /* Pods */ = {
			isa = PBXGroup;
			children = (
				011CE84BE09C4EABAE1BB39A /* Pods-GeoApp-iOS.debug.xcconfig */,
				7F4217AFFE69E188D6C5FB1B /* Pods-GeoApp-iOS.release.xcconfig */,
				AB10DF0474D75A0B4011C057 /* Pods-GeoApp-iOSTests.debug.xcconfig */,
				4CEE8DAB2BD43039DE4DCCBA /* Pods-GeoApp-iOSTests.release.xcconfig */,
				D66E02E630A340DDEA5B3F1A /* Pods-GeoApp-iOSUITests.debug.xcconfig */,
				6CB7DF50F161FBEE900A72FA /* Pods-GeoApp-iOSUITests.release.xcconfig */,
			);
			name = Pods;
			sourceTree = "<group>";
		};
/* End PBXGroup section */

/* Begin PBXNativeTarget section */
		6AD5D5021E48FE0B0095B585 /* GeoApp-iOS */ = {
			isa = PBXNativeTarget;
			buildConfigurationList = 6AD5D52E1E48FE0B0095B585 /* Build configuration list for PBXNativeTarget "GeoApp-iOS" */;
			buildPhases = (
				29DC8ADCCB040FB9AC39A782 /* [CP] Check Pods Manifest.lock */,
				6AD5D4FF1E48FE0B0095B585 /* Sources */,
				6AD5D5001E48FE0B0095B585 /* Frameworks */,
				6AD5D5011E48FE0B0095B585 /* Resources */,
				0D10EF7A025794FE1E3D3091 /* [CP] Embed Pods Frameworks */,
				0A469CF61AED0B57FC0B1F3D /* [CP] Copy Pods Resources */,
			);
			buildRules = (
			);
			dependencies = (
			);
			name = "GeoApp-iOS";
			productName = "GeoApp-iOS";
			productReference = 6AD5D5031E48FE0B0095B585 /* GeoApp-iOS.app */;
			productType = "com.apple.product-type.application";
		};
		6AD5D5191E48FE0B0095B585 /* GeoApp-iOSTests */ = {
			isa = PBXNativeTarget;
			buildConfigurationList = 6AD5D5311E48FE0B0095B585 /* Build configuration list for PBXNativeTarget "GeoApp-iOSTests" */;
			buildPhases = (
				79B5B67002F61A7ED927854B /* [CP] Check Pods Manifest.lock */,
				6AD5D5161E48FE0B0095B585 /* Sources */,
				6AD5D5171E48FE0B0095B585 /* Frameworks */,
				6AD5D5181E48FE0B0095B585 /* Resources */,
				BF11C0382842780429900C38 /* [CP] Embed Pods Frameworks */,
				4147C92347AA5C7A4B3CAFC8 /* [CP] Copy Pods Resources */,
			);
			buildRules = (
			);
			dependencies = (
				6AD5D51C1E48FE0B0095B585 /* PBXTargetDependency */,
			);
			name = "GeoApp-iOSTests";
			productName = "GeoApp-iOSTests";
			productReference = 6AD5D51A1E48FE0B0095B585 /* GeoApp-iOSTests.xctest */;
			productType = "com.apple.product-type.bundle.unit-test";
		};
		6AD5D5241E48FE0B0095B585 /* GeoApp-iOSUITests */ = {
			isa = PBXNativeTarget;
			buildConfigurationList = 6AD5D5341E48FE0B0095B585 /* Build configuration list for PBXNativeTarget "GeoApp-iOSUITests" */;
			buildPhases = (
				062330BC671FC0CB11C958AE /* [CP] Check Pods Manifest.lock */,
				6AD5D5211E48FE0B0095B585 /* Sources */,
				6AD5D5221E48FE0B0095B585 /* Frameworks */,
				6AD5D5231E48FE0B0095B585 /* Resources */,
				95991FDE3126320FF7DB6CE2 /* [CP] Embed Pods Frameworks */,
				7B40A2519346422A42AC7AC4 /* [CP] Copy Pods Resources */,
			);
			buildRules = (
			);
			dependencies = (
				6AD5D5271E48FE0B0095B585 /* PBXTargetDependency */,
			);
			name = "GeoApp-iOSUITests";
			productName = "GeoApp-iOSUITests";
			productReference = 6AD5D5251E48FE0B0095B585 /* GeoApp-iOSUITests.xctest */;
			productType = "com.apple.product-type.bundle.ui-testing";
		};
/* End PBXNativeTarget section */

/* Begin PBXProject section */
		6AD5D4FB1E48FE0B0095B585 /* Project object */ = {
			isa = PBXProject;
			attributes = {
				LastSwiftUpdateCheck = 0820;
				LastUpgradeCheck = 0820;
				ORGANIZATIONNAME = "Genius Production";
				TargetAttributes = {
					6AD5D5021E48FE0B0095B585 = {
						CreatedOnToolsVersion = 8.2.1;
						DevelopmentTeam = XGD4D4ZJ33;
						ProvisioningStyle = Automatic;
					};
					6AD5D5191E48FE0B0095B585 = {
						CreatedOnToolsVersion = 8.2.1;
						DevelopmentTeam = XGD4D4ZJ33;
						ProvisioningStyle = Automatic;
						TestTargetID = 6AD5D5021E48FE0B0095B585;
					};
					6AD5D5241E48FE0B0095B585 = {
						CreatedOnToolsVersion = 8.2.1;
						DevelopmentTeam = XGD4D4ZJ33;
						ProvisioningStyle = Automatic;
						TestTargetID = 6AD5D5021E48FE0B0095B585;
					};
				};
			};
			buildConfigurationList = 6AD5D4FE1E48FE0B0095B585 /* Build configuration list for PBXProject "GeoApp-iOS" */;
			compatibilityVersion = "Xcode 3.2";
			developmentRegion = English;
			hasScannedForEncodings = 0;
			knownRegions = (
				en,
				Base,
			);
			mainGroup = 6AD5D4FA1E48FE0B0095B585;
			productRefGroup = 6AD5D5041E48FE0B0095B585 /* Products */;
			projectDirPath = "";
			projectRoot = "";
			targets = (
				6AD5D5021E48FE0B0095B585 /* GeoApp-iOS */,
				6AD5D5191E48FE0B0095B585 /* GeoApp-iOSTests */,
				6AD5D5241E48FE0B0095B585 /* GeoApp-iOSUITests */,
			);
		};
/* End PBXProject section */

/* Begin PBXResourcesBuildPhase section */
		6AD5D5011E48FE0B0095B585 /* Resources */ = {
			isa = PBXResourcesBuildPhase;
			buildActionMask = 2147483647;
			files = (
				6AD5D5141E48FE0B0095B585 /* LaunchScreen.storyboard in Resources */,
				6AB3629F1E4CC3BD0004C376 /* ApiKeys.plist in Resources */,
				6AD5D5111E48FE0B0095B585 /* Assets.xcassets in Resources */,
				6AD5D50C1E48FE0B0095B585 /* Main.storyboard in Resources */,
			);
			runOnlyForDeploymentPostprocessing = 0;
		};
		6AD5D5181E48FE0B0095B585 /* Resources */ = {
			isa = PBXResourcesBuildPhase;
			buildActionMask = 2147483647;
			files = (
			);
			runOnlyForDeploymentPostprocessing = 0;
		};
		6AD5D5231E48FE0B0095B585 /* Resources */ = {
			isa = PBXResourcesBuildPhase;
			buildActionMask = 2147483647;
			files = (
			);
			runOnlyForDeploymentPostprocessing = 0;
		};
/* End PBXResourcesBuildPhase section */

/* Begin PBXShellScriptBuildPhase section */
		062330BC671FC0CB11C958AE /* [CP] Check Pods Manifest.lock */ = {
			isa = PBXShellScriptBuildPhase;
			buildActionMask = 2147483647;
			files = (
			);
			inputPaths = (
			);
			name = "[CP] Check Pods Manifest.lock";
			outputPaths = (
			);
			runOnlyForDeploymentPostprocessing = 0;
			shellPath = /bin/sh;
			shellScript = "diff \"${PODS_ROOT}/../Podfile.lock\" \"${PODS_ROOT}/Manifest.lock\" > /dev/null\nif [ $? != 0 ] ; then\n    # print error to STDERR\n    echo \"error: The sandbox is not in sync with the Podfile.lock. Run 'pod install' or update your CocoaPods installation.\" >&2\n    exit 1\nfi\n";
			showEnvVarsInLog = 0;
		};
		0A469CF61AED0B57FC0B1F3D /* [CP] Copy Pods Resources */ = {
			isa = PBXShellScriptBuildPhase;
			buildActionMask = 2147483647;
			files = (
			);
			inputPaths = (
			);
			name = "[CP] Copy Pods Resources";
			outputPaths = (
			);
			runOnlyForDeploymentPostprocessing = 0;
			shellPath = /bin/sh;
			shellScript = "\"${SRCROOT}/Pods/Target Support Files/Pods-GeoApp-iOS/Pods-GeoApp-iOS-resources.sh\"\n";
			showEnvVarsInLog = 0;
		};
		0D10EF7A025794FE1E3D3091 /* [CP] Embed Pods Frameworks */ = {
			isa = PBXShellScriptBuildPhase;
			buildActionMask = 2147483647;
			files = (
			);
			inputPaths = (
			);
			name = "[CP] Embed Pods Frameworks";
			outputPaths = (
			);
			runOnlyForDeploymentPostprocessing = 0;
			shellPath = /bin/sh;
			shellScript = "\"${SRCROOT}/Pods/Target Support Files/Pods-GeoApp-iOS/Pods-GeoApp-iOS-frameworks.sh\"\n";
			showEnvVarsInLog = 0;
		};
		29DC8ADCCB040FB9AC39A782 /* [CP] Check Pods Manifest.lock */ = {
			isa = PBXShellScriptBuildPhase;
			buildActionMask = 2147483647;
			files = (
			);
			inputPaths = (
			);
			name = "[CP] Check Pods Manifest.lock";
			outputPaths = (
			);
			runOnlyForDeploymentPostprocessing = 0;
			shellPath = /bin/sh;
			shellScript = "diff \"${PODS_ROOT}/../Podfile.lock\" \"${PODS_ROOT}/Manifest.lock\" > /dev/null\nif [ $? != 0 ] ; then\n    # print error to STDERR\n    echo \"error: The sandbox is not in sync with the Podfile.lock. Run 'pod install' or update your CocoaPods installation.\" >&2\n    exit 1\nfi\n";
			showEnvVarsInLog = 0;
		};
		4147C92347AA5C7A4B3CAFC8 /* [CP] Copy Pods Resources */ = {
			isa = PBXShellScriptBuildPhase;
			buildActionMask = 2147483647;
			files = (
			);
			inputPaths = (
			);
			name = "[CP] Copy Pods Resources";
			outputPaths = (
			);
			runOnlyForDeploymentPostprocessing = 0;
			shellPath = /bin/sh;
			shellScript = "\"${SRCROOT}/Pods/Target Support Files/Pods-GeoApp-iOSTests/Pods-GeoApp-iOSTests-resources.sh\"\n";
			showEnvVarsInLog = 0;
		};
		79B5B67002F61A7ED927854B /* [CP] Check Pods Manifest.lock */ = {
			isa = PBXShellScriptBuildPhase;
			buildActionMask = 2147483647;
			files = (
			);
			inputPaths = (
			);
			name = "[CP] Check Pods Manifest.lock";
			outputPaths = (
			);
			runOnlyForDeploymentPostprocessing = 0;
			shellPath = /bin/sh;
			shellScript = "diff \"${PODS_ROOT}/../Podfile.lock\" \"${PODS_ROOT}/Manifest.lock\" > /dev/null\nif [ $? != 0 ] ; then\n    # print error to STDERR\n    echo \"error: The sandbox is not in sync with the Podfile.lock. Run 'pod install' or update your CocoaPods installation.\" >&2\n    exit 1\nfi\n";
			showEnvVarsInLog = 0;
		};
		7B40A2519346422A42AC7AC4 /* [CP] Copy Pods Resources */ = {
			isa = PBXShellScriptBuildPhase;
			buildActionMask = 2147483647;
			files = (
			);
			inputPaths = (
			);
			name = "[CP] Copy Pods Resources";
			outputPaths = (
			);
			runOnlyForDeploymentPostprocessing = 0;
			shellPath = /bin/sh;
			shellScript = "\"${SRCROOT}/Pods/Target Support Files/Pods-GeoApp-iOSUITests/Pods-GeoApp-iOSUITests-resources.sh\"\n";
			showEnvVarsInLog = 0;
		};
		95991FDE3126320FF7DB6CE2 /* [CP] Embed Pods Frameworks */ = {
			isa = PBXShellScriptBuildPhase;
			buildActionMask = 2147483647;
			files = (
			);
			inputPaths = (
			);
			name = "[CP] Embed Pods Frameworks";
			outputPaths = (
			);
			runOnlyForDeploymentPostprocessing = 0;
			shellPath = /bin/sh;
			shellScript = "\"${SRCROOT}/Pods/Target Support Files/Pods-GeoApp-iOSUITests/Pods-GeoApp-iOSUITests-frameworks.sh\"\n";
			showEnvVarsInLog = 0;
		};
		BF11C0382842780429900C38 /* [CP] Embed Pods Frameworks */ = {
			isa = PBXShellScriptBuildPhase;
			buildActionMask = 2147483647;
			files = (
			);
			inputPaths = (
			);
			name = "[CP] Embed Pods Frameworks";
			outputPaths = (
			);
			runOnlyForDeploymentPostprocessing = 0;
			shellPath = /bin/sh;
			shellScript = "\"${SRCROOT}/Pods/Target Support Files/Pods-GeoApp-iOSTests/Pods-GeoApp-iOSTests-frameworks.sh\"\n";
			showEnvVarsInLog = 0;
		};
/* End PBXShellScriptBuildPhase section */

/* Begin PBXSourcesBuildPhase section */
		6AD5D4FF1E48FE0B0095B585 /* Sources */ = {
			isa = PBXSourcesBuildPhase;
			buildActionMask = 2147483647;
			files = (
				6A41C0191E49187500A551B6 /* MapController.swift in Sources */,
				6A41C01E1E49275100A551B6 /* Serializer.swift in Sources */,
				6A41C01C1E491CE900A551B6 /* RestAPI.swift in Sources */,
				6A6204CF1E4A464800E758D2 /* Map.swift in Sources */,
				6AB3629D1E4CBB380004C376 /* Points.swift in Sources */,
				6AD5D50F1E48FE0B0095B585 /* GeoApp_iOS.xcdatamodeld in Sources */,
				6A41C0171E4917A800A551B6 /* MapViewController.swift in Sources */,
				6AD5D5071E48FE0B0095B585 /* AppDelegate.swift in Sources */,
			);
			runOnlyForDeploymentPostprocessing = 0;
		};
		6AD5D5161E48FE0B0095B585 /* Sources */ = {
			isa = PBXSourcesBuildPhase;
			buildActionMask = 2147483647;
			files = (
				6AD5D51F1E48FE0B0095B585 /* GeoApp_iOSTests.swift in Sources */,
			);
			runOnlyForDeploymentPostprocessing = 0;
		};
		6AD5D5211E48FE0B0095B585 /* Sources */ = {
			isa = PBXSourcesBuildPhase;
			buildActionMask = 2147483647;
			files = (
				6AD5D52A1E48FE0B0095B585 /* GeoApp_iOSUITests.swift in Sources */,
			);
			runOnlyForDeploymentPostprocessing = 0;
		};
/* End PBXSourcesBuildPhase section */

/* Begin PBXTargetDependency section */
		6AD5D51C1E48FE0B0095B585 /* PBXTargetDependency */ = {
			isa = PBXTargetDependency;
			target = 6AD5D5021E48FE0B0095B585 /* GeoApp-iOS */;
			targetProxy = 6AD5D51B1E48FE0B0095B585 /* PBXContainerItemProxy */;
		};
		6AD5D5271E48FE0B0095B585 /* PBXTargetDependency */ = {
			isa = PBXTargetDependency;
			target = 6AD5D5021E48FE0B0095B585 /* GeoApp-iOS */;
			targetProxy = 6AD5D5261E48FE0B0095B585 /* PBXContainerItemProxy */;
		};
/* End PBXTargetDependency section */

/* Begin PBXVariantGroup section */
		6AD5D50A1E48FE0B0095B585 /* Main.storyboard */ = {
			isa = PBXVariantGroup;
			children = (
				6AD5D50B1E48FE0B0095B585 /* Base */,
			);
			name = Main.storyboard;
			sourceTree = "<group>";
		};
		6AD5D5121E48FE0B0095B585 /* LaunchScreen.storyboard */ = {
			isa = PBXVariantGroup;
			children = (
				6AD5D5131E48FE0B0095B585 /* Base */,
			);
			name = LaunchScreen.storyboard;
			sourceTree = "<group>";
		};
/* End PBXVariantGroup section */

/* Begin XCBuildConfiguration section */
		6AD5D52C1E48FE0B0095B585 /* Debug */ = {
			isa = XCBuildConfiguration;
			buildSettings = {
				ALWAYS_SEARCH_USER_PATHS = NO;
				CLANG_ANALYZER_NONNULL = YES;
				CLANG_CXX_LANGUAGE_STANDARD = "gnu++0x";
				CLANG_CXX_LIBRARY = "libc++";
				CLANG_ENABLE_MODULES = YES;
				CLANG_ENABLE_OBJC_ARC = YES;
				CLANG_WARN_BOOL_CONVERSION = YES;
				CLANG_WARN_CONSTANT_CONVERSION = YES;
				CLANG_WARN_DIRECT_OBJC_ISA_USAGE = YES_ERROR;
				CLANG_WARN_DOCUMENTATION_COMMENTS = YES;
				CLANG_WARN_EMPTY_BODY = YES;
				CLANG_WARN_ENUM_CONVERSION = YES;
				CLANG_WARN_INFINITE_RECURSION = YES;
				CLANG_WARN_INT_CONVERSION = YES;
				CLANG_WARN_OBJC_ROOT_CLASS = YES_ERROR;
				CLANG_WARN_SUSPICIOUS_MOVE = YES;
				CLANG_WARN_UNREACHABLE_CODE = YES;
				CLANG_WARN__DUPLICATE_METHOD_MATCH = YES;
				"CODE_SIGN_IDENTITY[sdk=iphoneos*]" = "iPhone Developer";
				COPY_PHASE_STRIP = NO;
				DEBUG_INFORMATION_FORMAT = dwarf;
				ENABLE_STRICT_OBJC_MSGSEND = YES;
				ENABLE_TESTABILITY = YES;
				GCC_C_LANGUAGE_STANDARD = gnu99;
				GCC_DYNAMIC_NO_PIC = NO;
				GCC_NO_COMMON_BLOCKS = YES;
				GCC_OPTIMIZATION_LEVEL = 0;
				GCC_PREPROCESSOR_DEFINITIONS = (
					"DEBUG=1",
					"$(inherited)",
				);
				GCC_WARN_64_TO_32_BIT_CONVERSION = YES;
				GCC_WARN_ABOUT_RETURN_TYPE = YES_ERROR;
				GCC_WARN_UNDECLARED_SELECTOR = YES;
				GCC_WARN_UNINITIALIZED_AUTOS = YES_AGGRESSIVE;
				GCC_WARN_UNUSED_FUNCTION = YES;
				GCC_WARN_UNUSED_VARIABLE = YES;
				IPHONEOS_DEPLOYMENT_TARGET = 10.2;
				MTL_ENABLE_DEBUG_INFO = YES;
				ONLY_ACTIVE_ARCH = YES;
				SDKROOT = iphoneos;
				SWIFT_ACTIVE_COMPILATION_CONDITIONS = DEBUG;
				SWIFT_OPTIMIZATION_LEVEL = "-Onone";
			};
			name = Debug;
		};
		6AD5D52D1E48FE0B0095B585 /* Release */ = {
			isa = XCBuildConfiguration;
			buildSettings = {
				ALWAYS_SEARCH_USER_PATHS = NO;
				CLANG_ANALYZER_NONNULL = YES;
				CLANG_CXX_LANGUAGE_STANDARD = "gnu++0x";
				CLANG_CXX_LIBRARY = "libc++";
				CLANG_ENABLE_MODULES = YES;
				CLANG_ENABLE_OBJC_ARC = YES;
				CLANG_WARN_BOOL_CONVERSION = YES;
				CLANG_WARN_CONSTANT_CONVERSION = YES;
				CLANG_WARN_DIRECT_OBJC_ISA_USAGE = YES_ERROR;
				CLANG_WARN_DOCUMENTATION_COMMENTS = YES;
				CLANG_WARN_EMPTY_BODY = YES;
				CLANG_WARN_ENUM_CONVERSION = YES;
				CLANG_WARN_INFINITE_RECURSION = YES;
				CLANG_WARN_INT_CONVERSION = YES;
				CLANG_WARN_OBJC_ROOT_CLASS = YES_ERROR;
				CLANG_WARN_SUSPICIOUS_MOVE = YES;
				CLANG_WARN_UNREACHABLE_CODE = YES;
				CLANG_WARN__DUPLICATE_METHOD_MATCH = YES;
				"CODE_SIGN_IDENTITY[sdk=iphoneos*]" = "iPhone Developer";
				COPY_PHASE_STRIP = NO;
				DEBUG_INFORMATION_FORMAT = "dwarf-with-dsym";
				ENABLE_NS_ASSERTIONS = NO;
				ENABLE_STRICT_OBJC_MSGSEND = YES;
				GCC_C_LANGUAGE_STANDARD = gnu99;
				GCC_NO_COMMON_BLOCKS = YES;
				GCC_WARN_64_TO_32_BIT_CONVERSION = YES;
				GCC_WARN_ABOUT_RETURN_TYPE = YES_ERROR;
				GCC_WARN_UNDECLARED_SELECTOR = YES;
				GCC_WARN_UNINITIALIZED_AUTOS = YES_AGGRESSIVE;
				GCC_WARN_UNUSED_FUNCTION = YES;
				GCC_WARN_UNUSED_VARIABLE = YES;
				IPHONEOS_DEPLOYMENT_TARGET = 10.2;
				MTL_ENABLE_DEBUG_INFO = NO;
				SDKROOT = iphoneos;
				SWIFT_OPTIMIZATION_LEVEL = "-Owholemodule";
				VALIDATE_PRODUCT = YES;
			};
			name = Release;
		};
		6AD5D52F1E48FE0B0095B585 /* Debug */ = {
			isa = XCBuildConfiguration;
			baseConfigurationReference = 011CE84BE09C4EABAE1BB39A /* Pods-GeoApp-iOS.debug.xcconfig */;
			buildSettings = {
				ASSETCATALOG_COMPILER_APPICON_NAME = AppIcon;
				DEVELOPMENT_TEAM = XGD4D4ZJ33;
				INFOPLIST_FILE = "GeoApp-iOS/Info.plist";
				LD_RUNPATH_SEARCH_PATHS = "$(inherited) @executable_path/Frameworks";
				PRODUCT_BUNDLE_IDENTIFIER = "com.geniusprod.GeoApp-iOS";
				PRODUCT_NAME = "$(TARGET_NAME)";
				SWIFT_VERSION = 3.0;
			};
			name = Debug;
		};
		6AD5D5301E48FE0B0095B585 /* Release */ = {
			isa = XCBuildConfiguration;
			baseConfigurationReference = 7F4217AFFE69E188D6C5FB1B /* Pods-GeoApp-iOS.release.xcconfig */;
			buildSettings = {
				ASSETCATALOG_COMPILER_APPICON_NAME = AppIcon;
				DEVELOPMENT_TEAM = XGD4D4ZJ33;
				INFOPLIST_FILE = "GeoApp-iOS/Info.plist";
				LD_RUNPATH_SEARCH_PATHS = "$(inherited) @executable_path/Frameworks";
				PRODUCT_BUNDLE_IDENTIFIER = "com.geniusprod.GeoApp-iOS";
				PRODUCT_NAME = "$(TARGET_NAME)";
				SWIFT_VERSION = 3.0;
			};
			name = Release;
		};
		6AD5D5321E48FE0B0095B585 /* Debug */ = {
			isa = XCBuildConfiguration;
			baseConfigurationReference = AB10DF0474D75A0B4011C057 /* Pods-GeoApp-iOSTests.debug.xcconfig */;
			buildSettings = {
				ALWAYS_EMBED_SWIFT_STANDARD_LIBRARIES = YES;
				BUNDLE_LOADER = "$(TEST_HOST)";
				DEVELOPMENT_TEAM = XGD4D4ZJ33;
				INFOPLIST_FILE = "GeoApp-iOSTests/Info.plist";
				LD_RUNPATH_SEARCH_PATHS = "$(inherited) @executable_path/Frameworks @loader_path/Frameworks";
				PRODUCT_BUNDLE_IDENTIFIER = "com.geniusprod.GeoApp-iOSTests";
				PRODUCT_NAME = "$(TARGET_NAME)";
				SWIFT_VERSION = 3.0;
				TEST_HOST = "$(BUILT_PRODUCTS_DIR)/GeoApp-iOS.app/GeoApp-iOS";
			};
			name = Debug;
		};
		6AD5D5331E48FE0B0095B585 /* Release */ = {
			isa = XCBuildConfiguration;
			baseConfigurationReference = 4CEE8DAB2BD43039DE4DCCBA /* Pods-GeoApp-iOSTests.release.xcconfig */;
			buildSettings = {
				ALWAYS_EMBED_SWIFT_STANDARD_LIBRARIES = YES;
				BUNDLE_LOADER = "$(TEST_HOST)";
				DEVELOPMENT_TEAM = XGD4D4ZJ33;
				INFOPLIST_FILE = "GeoApp-iOSTests/Info.plist";
				LD_RUNPATH_SEARCH_PATHS = "$(inherited) @executable_path/Frameworks @loader_path/Frameworks";
				PRODUCT_BUNDLE_IDENTIFIER = "com.geniusprod.GeoApp-iOSTests";
				PRODUCT_NAME = "$(TARGET_NAME)";
				SWIFT_VERSION = 3.0;
				TEST_HOST = "$(BUILT_PRODUCTS_DIR)/GeoApp-iOS.app/GeoApp-iOS";
			};
			name = Release;
		};
		6AD5D5351E48FE0B0095B585 /* Debug */ = {
			isa = XCBuildConfiguration;
			baseConfigurationReference = D66E02E630A340DDEA5B3F1A /* Pods-GeoApp-iOSUITests.debug.xcconfig */;
			buildSettings = {
				ALWAYS_EMBED_SWIFT_STANDARD_LIBRARIES = YES;
				DEVELOPMENT_TEAM = XGD4D4ZJ33;
				INFOPLIST_FILE = "GeoApp-iOSUITests/Info.plist";
				LD_RUNPATH_SEARCH_PATHS = "$(inherited) @executable_path/Frameworks @loader_path/Frameworks";
				PRODUCT_BUNDLE_IDENTIFIER = "com.geniusprod.GeoApp-iOSUITests";
				PRODUCT_NAME = "$(TARGET_NAME)";
				SWIFT_VERSION = 3.0;
				TEST_TARGET_NAME = "GeoApp-iOS";
			};
			name = Debug;
		};
		6AD5D5361E48FE0B0095B585 /* Release */ = {
			isa = XCBuildConfiguration;
			baseConfigurationReference = 6CB7DF50F161FBEE900A72FA /* Pods-GeoApp-iOSUITests.release.xcconfig */;
			buildSettings = {
				ALWAYS_EMBED_SWIFT_STANDARD_LIBRARIES = YES;
				DEVELOPMENT_TEAM = XGD4D4ZJ33;
				INFOPLIST_FILE = "GeoApp-iOSUITests/Info.plist";
				LD_RUNPATH_SEARCH_PATHS = "$(inherited) @executable_path/Frameworks @loader_path/Frameworks";
				PRODUCT_BUNDLE_IDENTIFIER = "com.geniusprod.GeoApp-iOSUITests";
				PRODUCT_NAME = "$(TARGET_NAME)";
				SWIFT_VERSION = 3.0;
				TEST_TARGET_NAME = "GeoApp-iOS";
			};
			name = Release;
		};
/* End XCBuildConfiguration section */

/* Begin XCConfigurationList section */
		6AD5D4FE1E48FE0B0095B585 /* Build configuration list for PBXProject "GeoApp-iOS" */ = {
			isa = XCConfigurationList;
			buildConfigurations = (
				6AD5D52C1E48FE0B0095B585 /* Debug */,
				6AD5D52D1E48FE0B0095B585 /* Release */,
			);
			defaultConfigurationIsVisible = 0;
			defaultConfigurationName = Release;
		};
		6AD5D52E1E48FE0B0095B585 /* Build configuration list for PBXNativeTarget "GeoApp-iOS" */ = {
			isa = XCConfigurationList;
			buildConfigurations = (
				6AD5D52F1E48FE0B0095B585 /* Debug */,
				6AD5D5301E48FE0B0095B585 /* Release */,
			);
			defaultConfigurationIsVisible = 0;
			defaultConfigurationName = Release;
		};
		6AD5D5311E48FE0B0095B585 /* Build configuration list for PBXNativeTarget "GeoApp-iOSTests" */ = {
			isa = XCConfigurationList;
			buildConfigurations = (
				6AD5D5321E48FE0B0095B585 /* Debug */,
				6AD5D5331E48FE0B0095B585 /* Release */,
			);
			defaultConfigurationIsVisible = 0;
			defaultConfigurationName = Release;
		};
		6AD5D5341E48FE0B0095B585 /* Build configuration list for PBXNativeTarget "GeoApp-iOSUITests" */ = {
			isa = XCConfigurationList;
			buildConfigurations = (
				6AD5D5351E48FE0B0095B585 /* Debug */,
				6AD5D5361E48FE0B0095B585 /* Release */,
			);
			defaultConfigurationIsVisible = 0;
			defaultConfigurationName = Release;
		};
/* End XCConfigurationList section */

/* Begin XCVersionGroup section */
		6AD5D50D1E48FE0B0095B585 /* GeoApp_iOS.xcdatamodeld */ = {
			isa = XCVersionGroup;
			children = (
				6AD5D50E1E48FE0B0095B585 /* GeoApp_iOS.xcdatamodel */,
			);
			currentVersion = 6AD5D50E1E48FE0B0095B585 /* GeoApp_iOS.xcdatamodel */;
			path = GeoApp_iOS.xcdatamodeld;
			sourceTree = "<group>";
			versionGroupType = wrapper.xcdatamodel;
		};
/* End XCVersionGroup section */
	};
	rootObject = 6AD5D4FB1E48FE0B0095B585 /* Project object */;
}
